// !$*UTF8*$!
{
	archiveVersion = 1;
	classes = {
	};
	objectVersion = 46;
	objects = {

/* Begin PBXBuildFile section */
		661864E61DB0CFDB00701A3F /* AppDelegate.swift in Sources */ = {isa = PBXBuildFile; fileRef = 661864E51DB0CFDB00701A3F /* AppDelegate.swift */; };
		661864E81DB0CFDB00701A3F /* ViewController.swift in Sources */ = {isa = PBXBuildFile; fileRef = 661864E71DB0CFDB00701A3F /* ViewController.swift */; };
		661864EB1DB0CFDB00701A3F /* Main.storyboard in Resources */ = {isa = PBXBuildFile; fileRef = 661864E91DB0CFDB00701A3F /* Main.storyboard */; };
		661864ED1DB0CFDB00701A3F /* Assets.xcassets in Resources */ = {isa = PBXBuildFile; fileRef = 661864EC1DB0CFDB00701A3F /* Assets.xcassets */; };
		661864F01DB0CFDB00701A3F /* LaunchScreen.storyboard in Resources */ = {isa = PBXBuildFile; fileRef = 661864EE1DB0CFDB00701A3F /* LaunchScreen.storyboard */; };
/* End PBXBuildFile section */

/* Begin PBXFileReference section */
		661864E21DB0CFDB00701A3F /* XCodeStuckAtIndexing.app */ = {isa = PBXFileReference; explicitFileType = wrapper.application; includeInIndex = 0; path = XCodeStuckAtIndexing.app; sourceTree = BUILT_PRODUCTS_DIR; };
		661864E51DB0CFDB00701A3F /* AppDelegate.swift */ = {isa = PBXFileReference; lastKnownFileType = sourcecode.swift; path = AppDelegate.swift; sourceTree = "<group>"; };
		661864E71DB0CFDB00701A3F /* ViewController.swift */ = {isa = PBXFileReference; lastKnownFileType = sourcecode.swift; path = ViewController.swift; sourceTree = "<group>"; };
		661864EA1DB0CFDB00701A3F /* Base */ = {isa = PBXFileReference; lastKnownFileType = file.storyboard; name = Base; path = Base.lproj/Main.storyboard; sourceTree = "<group>"; };
		661864EC1DB0CFDB00701A3F /* Assets.xcassets */ = {isa = PBXFileReference; lastKnownFileType = folder.assetcatalog; path = Assets.xcassets; sourceTree = "<group>"; };
		661864EF1DB0CFDB00701A3F /* Base */ = {isa = PBXFileReference; lastKnownFileType = file.storyboard; name = Base; path = Base.lproj/LaunchScreen.storyboard; sourceTree = "<group>"; };
		661864F11DB0CFDB00701A3F /* Info.plist */ = {isa = PBXFileReference; lastKnownFileType = text.plist.xml; path = Info.plist; sourceTree = "<group>"; };
/* End PBXFileReference section */

/* Begin PBXFrameworksBuildPhase section */
		661864DF1DB0CFDB00701A3F /* Frameworks */ = {
			isa = PBXFrameworksBuildPhase;
			buildActionMask = 2147483647;
			files = (
			);
			runOnlyForDeploymentPostprocessing = 0;
		};
/* End PBXFrameworksBuildPhase section */

/* Begin PBXGroup section */
		661864D91DB0CFDB00701A3F = {
			isa = PBXGroup;
			children = (
				661864E41DB0CFDB00701A3F /* XCodeStuckAtIndexing */,
				661864E31DB0CFDB00701A3F /* Products */,
			);
			sourceTree = "<group>";
		};
		661864E31DB0CFDB00701A3F /* Products */ = {
			isa = PBXGroup;
			children = (
				661864E21DB0CFDB00701A3F /* XCodeStuckAtIndexing.app */,
			);
			name = Products;
			sourceTree = "<group>";
		};
		661864E41DB0CFDB00701A3F /* XCodeStuckAtIndexing */ = {
			isa = PBXGroup;
			children = (
				661864E51DB0CFDB00701A3F /* AppDelegate.swift */,
				661864E71DB0CFDB00701A3F /* ViewController.swift */,
				661864E91DB0CFDB00701A3F /* Main.storyboard */,
				661864EC1DB0CFDB00701A3F /* Assets.xcassets */,
				661864EE1DB0CFDB00701A3F /* LaunchScreen.storyboard */,
				661864F11DB0CFDB00701A3F /* Info.plist */,
			);
			path = XCodeStuckAtIndexing;
			sourceTree = "<group>";
		};
/* End PBXGroup section */

/* Begin PBXNativeTarget section */
		661864E11DB0CFDB00701A3F /* XCodeStuckAtIndexing */ = {
			isa = PBXNativeTarget;
			buildConfigurationList = 661864F41DB0CFDB00701A3F /* Build configuration list for PBXNativeTarget "XCodeStuckAtIndexing" */;
			buildPhases = (
				661864DE1DB0CFDB00701A3F /* Sources */,
				661864DF1DB0CFDB00701A3F /* Frameworks */,
				661864E01DB0CFDB00701A3F /* Resources */,
			);
			buildRules = (
			);
			dependencies = (
			);
			name = XCodeStuckAtIndexing;
			productName = XCodeStuckAtIndexing;
			productReference = 661864E21DB0CFDB00701A3F /* XCodeStuckAtIndexing.app */;
			productType = "com.apple.product-type.application";
		};
/* End PBXNativeTarget section */

/* Begin PBXProject section */
		661864DA1DB0CFDB00701A3F /* Project object */ = {
			isa = PBXProject;
			attributes = {
				LastSwiftUpdateCheck = 0800;
				LastUpgradeCheck = 0800;
				ORGANIZATIONNAME = "Ignacio Nieto Carvajal";
				TargetAttributes = {
					661864E11DB0CFDB00701A3F = {
						CreatedOnToolsVersion = 8.0;
						DevelopmentTeam = 97P9DZHP78;
						ProvisioningStyle = Automatic;
					};
				};
			};
			buildConfigurationList = 661864DD1DB0CFDB00701A3F /* Build configuration list for PBXProject "XCodeStuckAtIndexing" */;
			compatibilityVersion = "Xcode 3.2";
			developmentRegion = English;
			hasScannedForEncodings = 0;
			knownRegions = (
				en,
				Base,
			);
			mainGroup = 661864D91DB0CFDB00701A3F;
			productRefGroup = 661864E31DB0CFDB00701A3F /* Products */;
			projectDirPath = "";
			projectRoot = "";
			targets = (
				661864E11DB0CFDB00701A3F /* XCodeStuckAtIndexing */,
			);
		};
/* End PBXProject section */

/* Begin PBXResourcesBuildPhase section */
		661864E01DB0CFDB00701A3F /* Resources */ = {
			isa = PBXResourcesBuildPhase;
			buildActionMask = 2147483647;
			files = (
				661864F01DB0CFDB00701A3F /* LaunchScreen.storyboard in Resources */,
				661864ED1DB0CFDB00701A3F /* Assets.xcassets in Resources */,
				661864EB1DB0CFDB00701A3F /* Main.storyboard in Resources */,
			);
			runOnlyForDeploymentPostprocessing = 0;
		};
/* End PBXResourcesBuildPhase section */

/* Begin PBXSourcesBuildPhase section */
		661864DE1DB0CFDB00701A3F /* Sources */ = {
			isa = PBXSourcesBuildPhase;
			buildActionMask = 2147483647;
			files = (
				661864E81DB0CFDB00701A3F /* ViewController.swift in Sources */,
				661864E61DB0CFDB00701A3F /* AppDelegate.swift in Sources */,
			);
			runOnlyForDeploymentPostprocessing = 0;
		};
/* End PBXSourcesBuildPhase section */

/* Begin PBXVariantGroup section */
		661864E91DB0CFDB00701A3F /* Main.storyboard */ = {
			isa = PBXVariantGroup;
			children = (
				661864EA1DB0CFDB00701A3F /* Base */,
			);
			name = Main.storyboard;
			sourceTree = "<group>";
		};
		661864EE1DB0CFDB00701A3F /* LaunchScreen.storyboard */ = {
			isa = PBXVariantGroup;
			children = (
				661864EF1DB0CFDB00701A3F /* Base */,
			);
			name = LaunchScreen.storyboard;
			sourceTree = "<group>";
		};
/* End PBXVariantGroup section */

/* Begin XCBuildConfiguration section */
		661864F21DB0CFDB00701A3F /* Debug */ = {
			isa = XCBuildConfiguration;
			buildSettings = {
				ALWAYS_SEARCH_USER_PATHS = NO;
				CLANG_ANALYZER_NONNULL = YES;
				CLANG_CXX_LANGUAGE_STANDARD = "gnu++0x";
				CLANG_CXX_LIBRARY = "libc++";
				CLANG_ENABLE_MODULES = YES;
				CLANG_ENABLE_OBJC_ARC = YES;
				CLANG_WARN_BOOL_CONVERSION = YES;
				CLANG_WARN_CONSTANT_CONVERSION = YES;
				CLANG_WARN_DIRECT_OBJC_ISA_USAGE = YES_ERROR;
				CLANG_WARN_DOCUMENTATION_COMMENTS = YES;
				CLANG_WARN_EMPTY_BODY = YES;
				CLANG_WARN_ENUM_CONVERSION = YES;
				CLANG_WARN_INFINITE_RECURSION = YES;
				CLANG_WARN_INT_CONVERSION = YES;
				CLANG_WARN_OBJC_ROOT_CLASS = YES_ERROR;
				CLANG_WARN_SUSPICIOUS_MOVES = YES;
				CLANG_WARN_UNREACHABLE_CODE = YES;
				CLANG_WARN__DUPLICATE_METHOD_MATCH = YES;
				"CODE_SIGN_IDENTITY[sdk=iphoneos*]" = "iPhone Developer";
				COPY_PHASE_STRIP = NO;
				DEBUG_INFORMATION_FORMAT = dwarf;
				ENABLE_STRICT_OBJC_MSGSEND = YES;
				ENABLE_TESTABILITY = YES;
				GCC_C_LANGUAGE_STANDARD = gnu99;
				GCC_DYNAMIC_NO_PIC = NO;
				GCC_NO_COMMON_BLOCKS = YES;
				GCC_OPTIMIZATION_LEVEL = 0;
				GCC_PREPROCESSOR_DEFINITIONS = (
					"DEBUG=1",
					"$(inherited)",
				);
				GCC_WARN_64_TO_32_BIT_CONVERSION = YES;
				GCC_WARN_ABOUT_RETURN_TYPE = YES_ERROR;
				GCC_WARN_UNDECLARED_SELECTOR = YES;
				GCC_WARN_UNINITIALIZED_AUTOS = YES_AGGRESSIVE;
				GCC_WARN_UNUSED_FUNCTION = YES;
				GCC_WARN_UNUSED_VARIABLE = YES;
				IPHONEOS_DEPLOYMENT_TARGET = 10.0;
				MTL_ENABLE_DEBUG_INFO = YES;
				ONLY_ACTIVE_ARCH = YES;
				SDKROOT = iphoneos;
				SWIFT_ACTIVE_COMPILATION_CONDITIONS = DEBUG;
				SWIFT_OPTIMIZATION_LEVEL = "-Onone";
				TARGETED_DEVICE_FAMILY = "1,2";
			};
			name = Debug;
		};
		661864F31DB0CFDB00701A3F /* Release */ = {
			isa = XCBuildConfiguration;
			buildSettings = {
				ALWAYS_SEARCH_USER_PATHS = NO;
				CLANG_ANALYZER_NONNULL = YES;
				CLANG_CXX_LANGUAGE_STANDARD = "gnu++0x";
				CLANG_CXX_LIBRARY = "libc++";
				CLANG_ENABLE_MODULES = YES;
				CLANG_ENABLE_OBJC_ARC = YES;
				CLANG_WARN_BOOL_CONVERSION = YES;
				CLANG_WARN_CONSTANT_CONVERSION = YES;
				CLANG_WARN_DIRECT_OBJC_ISA_USAGE = YES_ERROR;
				CLANG_WARN_DOCUMENTATION_COMMENTS = YES;
				CLANG_WARN_EMPTY_BODY = YES;
				CLANG_WARN_ENUM_CONVERSION = YES;
				CLANG_WARN_INFINITE_RECURSION = YES;
				CLANG_WARN_INT_CONVERSION = YES;
				CLANG_WARN_OBJC_ROOT_CLASS = YES_ERROR;
				CLANG_WARN_SUSPICIOUS_MOVES = YES;
				CLANG_WARN_UNREACHABLE_CODE = YES;
				CLANG_WARN__DUPLICATE_METHOD_MATCH = YES;
				"CODE_SIGN_IDENTITY[sdk=iphoneos*]" = "iPhone Developer";
				COPY_PHASE_STRIP = NO;
				DEBUG_INFORMATION_FORMAT = "dwarf-with-dsym";
				ENABLE_NS_ASSERTIONS = NO;
				ENABLE_STRICT_OBJC_MSGSEND = YES;
				GCC_C_LANGUAGE_STANDARD = gnu99;
				GCC_NO_COMMON_BLOCKS = YES;
				GCC_WARN_64_TO_32_BIT_CONVERSION = YES;
				GCC_WARN_ABOUT_RETURN_TYPE = YES_ERROR;
				GCC_WARN_UNDECLARED_SELECTOR = YES;
				GCC_WARN_UNINITIALIZED_AUTOS = YES_AGGRESSIVE;
				GCC_WARN_UNUSED_FUNCTION = YES;
				GCC_WARN_UNUSED_VARIABLE = YES;
				IPHONEOS_DEPLOYMENT_TARGET = 10.0;
				MTL_ENABLE_DEBUG_INFO = NO;
				SDKROOT = iphoneos;
				SWIFT_OPTIMIZATION_LEVEL = "-Owholemodule";
				TARGETED_DEVICE_FAMILY = "1,2";
				VALIDATE_PRODUCT = YES;
			};
			name = Release;
		};
		661864F51DB0CFDB00701A3F /* Debug */ = {
			isa = XCBuildConfiguration;
			buildSettings = {
				ASSETCATALOG_COMPILER_APPICON_NAME = AppIcon;
				DEVELOPMENT_TEAM = 97P9DZHP78;
				INFOPLIST_FILE = XCodeStuckAtIndexing/Info.plist;
				LD_RUNPATH_SEARCH_PATHS = "$(inherited) @executable_path/Frameworks";
				PRODUCT_BUNDLE_IDENTIFIER = "com.Ignacio-Nieto-Carvajal.XCodeStuckAtIndexing";
				PRODUCT_NAME = "$(TARGET_NAME)";
				SWIFT_VERSION = 3.0;
			};
			name = Debug;
		};
		661864F61DB0CFDB00701A3F /* Release */ = {
			isa = XCBuildConfiguration;
			buildSettings = {
				ASSETCATALOG_COMPILER_APPICON_NAME = AppIcon;
				DEVELOPMENT_TEAM = 97P9DZHP78;
				INFOPLIST_FILE = XCodeStuckAtIndexing/Info.plist;
				LD_RUNPATH_SEARCH_PATHS = "$(inherited) @executable_path/Frameworks";
				PRODUCT_BUNDLE_IDENTIFIER = "com.Ignacio-Nieto-Carvajal.XCodeStuckAtIndexing";
				PRODUCT_NAME = "$(TARGET_NAME)";
				SWIFT_VERSION = 3.0;
			};
			name = Release;
		};
/* End XCBuildConfiguration section */

/* Begin XCConfigurationList section */
		661864DD1DB0CFDB00701A3F /* Build configuration list for PBXProject "XCodeStuckAtIndexing" */ = {
			isa = XCConfigurationList;
			buildConfigurations = (
				661864F21DB0CFDB00701A3F /* Debug */,
				661864F31DB0CFDB00701A3F /* Release */,
			);
			defaultConfigurationIsVisible = 0;
			defaultConfigurationName = Release;
		};
		661864F41DB0CFDB00701A3F /* Build configuration list for PBXNativeTarget "XCodeStuckAtIndexing" */ = {
			isa = XCConfigurationList;
			buildConfigurations = (
				661864F51DB0CFDB00701A3F /* Debug */,
				661864F61DB0CFDB00701A3F /* Release */,
			);
			defaultConfigurationIsVisible = 0;
		};
/* End XCConfigurationList section */
	};
	rootObject = 661864DA1DB0CFDB00701A3F /* Project object */;
}
